
Microsoft Visual Studio Solution File, Format Version 12.00
# Visual Studio Version 16
VisualStudioVersion = 16.0.29728.190
MinimumVisualStudioVersion = 10.0.40219.1
Project("{FAE04EC0-301F-11D3-BF4B-00C04F79EFBC}") = "Lab7", "Lab7\Lab7.csproj", "{DB28029F-E01B-48D9-B74D-0AA4630DAEB4}"
EndProject
Global
	GlobalSection(SolutionConfigurationPlatforms) = preSolution
		Debug|Any CPU = Debug|Any CPU
		Release|Any CPU = Release|Any CPU
	EndGlobalSection
	GlobalSection(ProjectConfigurationPlatforms) = postSolution
		{DB28029F-E01B-48D9-B74D-0AA4630DAEB4}.Debug|Any CPU.ActiveCfg = Debug|Any CPU
		{DB28029F-E01B-48D9-B74D-0AA4630DAEB4}.Debug|Any CPU.Build.0 = Debug|Any CPU
		{DB28029F-E01B-48D9-B74D-0AA4630DAEB4}.Release|Any CPU.ActiveCfg = Release|Any CPU
		{DB28029F-E01B-48D9-B74D-0AA4630DAEB4}.Release|Any CPU.Build.0 = Release|Any CPU
	EndGlobalSection
	GlobalSection(SolutionProperties) = preSolution
		HideSolutionNode = FALSE
	EndGlobalSection
	GlobalSection(ExtensibilityGlobals) = postSolution
		SolutionGuid = {D000A8DC-6622-4C36-B0C2-AA1B41AF0CBB}
	EndGlobalSection
EndGlobal
